
Microsoft Visual Studio Solution File, Format Version 12.00
# Visual Studio 15
VisualStudioVersion = 15.0.26430.12
MinimumVisualStudioVersion = 10.0.40219.1
Project("{2150E333-8FDC-42A3-9474-1A3956D46DE8}") = "Contracts", "Contracts", "{75C5A2AD-0F76-4723-877E-90CCA5B04776}"
EndProject
Project("{2150E333-8FDC-42A3-9474-1A3956D46DE8}") = "Services", "Services", "{D60326CF-9A42-457A-A387-53432FE54197}"
EndProject
Project("{2150E333-8FDC-42A3-9474-1A3956D46DE8}") = "Presentation", "Presentation", "{A4D4CB3C-F5F2-4E42-8625-8E180217C841}"
EndProject
Project("{2150E333-8FDC-42A3-9474-1A3956D46DE8}") = "Tests", "Tests", "{3925CABF-6682-41AC-8447-44F0B13D8CA0}"
EndProject
Project("{FAE04EC0-301F-11D3-BF4B-00C04F79EFBC}") = "Models", "Contracts\Models\Models.csproj", "{36597BDB-4933-4722-B40E-9D7811EC6E32}"
EndProject
Project("{FAE04EC0-301F-11D3-BF4B-00C04F79EFBC}") = "DataServices", "Services\DataServices\DataServices.csproj", "{4C13F274-947A-4E85-BB88-F74D569272EF}"
EndProject
Project("{FAE04EC0-301F-11D3-BF4B-00C04F79EFBC}") = "DataServicesTests", "Tests\DataServicesTests\DataServicesTests.csproj", "{0FB2E054-04AE-421B-B002-C12EEE72F1D8}"
EndProject
Project("{FAE04EC0-301F-11D3-BF4B-00C04F79EFBC}") = "BooksAppDroid", "Presentation\BooksAppDroid\BooksAppDroid.csproj", "{F89E9AAB-86AD-413B-A31B-630D5012F8C6}"
EndProject
Global
	GlobalSection(SolutionConfigurationPlatforms) = preSolution
		Debug|Any CPU = Debug|Any CPU
		Release|Any CPU = Release|Any CPU
	EndGlobalSection
	GlobalSection(ProjectConfigurationPlatforms) = postSolution
		{36597BDB-4933-4722-B40E-9D7811EC6E32}.Debug|Any CPU.ActiveCfg = Debug|Any CPU
		{36597BDB-4933-4722-B40E-9D7811EC6E32}.Debug|Any CPU.Build.0 = Debug|Any CPU
		{36597BDB-4933-4722-B40E-9D7811EC6E32}.Release|Any CPU.ActiveCfg = Release|Any CPU
		{36597BDB-4933-4722-B40E-9D7811EC6E32}.Release|Any CPU.Build.0 = Release|Any CPU
		{4C13F274-947A-4E85-BB88-F74D569272EF}.Debug|Any CPU.ActiveCfg = Debug|Any CPU
		{4C13F274-947A-4E85-BB88-F74D569272EF}.Debug|Any CPU.Build.0 = Debug|Any CPU
		{4C13F274-947A-4E85-BB88-F74D569272EF}.Release|Any CPU.ActiveCfg = Release|Any CPU
		{4C13F274-947A-4E85-BB88-F74D569272EF}.Release|Any CPU.Build.0 = Release|Any CPU
		{0FB2E054-04AE-421B-B002-C12EEE72F1D8}.Debug|Any CPU.ActiveCfg = Debug|Any CPU
		{0FB2E054-04AE-421B-B002-C12EEE72F1D8}.Debug|Any CPU.Build.0 = Debug|Any CPU
		{0FB2E054-04AE-421B-B002-C12EEE72F1D8}.Release|Any CPU.ActiveCfg = Release|Any CPU
		{0FB2E054-04AE-421B-B002-C12EEE72F1D8}.Release|Any CPU.Build.0 = Release|Any CPU
		{F89E9AAB-86AD-413B-A31B-630D5012F8C6}.Debug|Any CPU.ActiveCfg = Debug|Any CPU
		{F89E9AAB-86AD-413B-A31B-630D5012F8C6}.Debug|Any CPU.Build.0 = Debug|Any CPU
		{F89E9AAB-86AD-413B-A31B-630D5012F8C6}.Debug|Any CPU.Deploy.0 = Debug|Any CPU
		{F89E9AAB-86AD-413B-A31B-630D5012F8C6}.Release|Any CPU.ActiveCfg = Release|Any CPU
		{F89E9AAB-86AD-413B-A31B-630D5012F8C6}.Release|Any CPU.Build.0 = Release|Any CPU
		{F89E9AAB-86AD-413B-A31B-630D5012F8C6}.Release|Any CPU.Deploy.0 = Release|Any CPU
	EndGlobalSection
	GlobalSection(SolutionProperties) = preSolution
		HideSolutionNode = FALSE
	EndGlobalSection
	GlobalSection(NestedProjects) = preSolution
		{36597BDB-4933-4722-B40E-9D7811EC6E32} = {75C5A2AD-0F76-4723-877E-90CCA5B04776}
		{4C13F274-947A-4E85-BB88-F74D569272EF} = {D60326CF-9A42-457A-A387-53432FE54197}
		{0FB2E054-04AE-421B-B002-C12EEE72F1D8} = {3925CABF-6682-41AC-8447-44F0B13D8CA0}
		{F89E9AAB-86AD-413B-A31B-630D5012F8C6} = {A4D4CB3C-F5F2-4E42-8625-8E180217C841}
	EndGlobalSection
EndGlobal
